
Microsoft Visual Studio Solution File, Format Version 12.00
# Visual Studio Version 17
VisualStudioVersion = 17.3.32825.248
MinimumVisualStudioVersion = 10.0.40219.1
Project("{FAE04EC0-301F-11D3-BF4B-00C04F79EFBC}") = "HomeworkAssigment5", "HomeworkAssigment5\HomeworkAssigment5.csproj", "{4275D482-3915-4FFC-81E0-24E393B55DB2}"
EndProject
Global
	GlobalSection(SolutionConfigurationPlatforms) = preSolution
		Debug|Any CPU = Debug|Any CPU
		Release|Any CPU = Release|Any CPU
	EndGlobalSection
	GlobalSection(ProjectConfigurationPlatforms) = postSolution
		{4275D482-3915-4FFC-81E0-24E393B55DB2}.Debug|Any CPU.ActiveCfg = Debug|Any CPU
		{4275D482-3915-4FFC-81E0-24E393B55DB2}.Debug|Any CPU.Build.0 = Debug|Any CPU
		{4275D482-3915-4FFC-81E0-24E393B55DB2}.Release|Any CPU.ActiveCfg = Release|Any CPU
		{4275D482-3915-4FFC-81E0-24E393B55DB2}.Release|Any CPU.Build.0 = Release|Any CPU
	EndGlobalSection
	GlobalSection(SolutionProperties) = preSolution
		HideSolutionNode = FALSE
	EndGlobalSection
	GlobalSection(ExtensibilityGlobals) = postSolution
		SolutionGuid = {B3809271-277F-4BFD-9AFC-DC3F32D9B427}
	EndGlobalSection
EndGlobal
